
Microsoft Visual Studio Solution File, Format Version 12.00
# Visual Studio 15
VisualStudioVersion = 15.0.28307.438
MinimumVisualStudioVersion = 10.0.40219.1
Project("{8BC9CEB8-8B4A-11D0-8D11-00A0C91BC942}") = "quicksort-template", "quicksort-template\quicksort-template.vcxproj", "{1A742B25-CD5A-43F2-BCF0-3850DA42E04D}"
EndProject
Global
	GlobalSection(SolutionConfigurationPlatforms) = preSolution
		Debug|x64 = Debug|x64
		Debug|x86 = Debug|x86
		Release|x64 = Release|x64
		Release|x86 = Release|x86
	EndGlobalSection
	GlobalSection(ProjectConfigurationPlatforms) = postSolution
		{1A742B25-CD5A-43F2-BCF0-3850DA42E04D}.Debug|x64.ActiveCfg = Debug|x64
		{1A742B25-CD5A-43F2-BCF0-3850DA42E04D}.Debug|x64.Build.0 = Debug|x64
		{1A742B25-CD5A-43F2-BCF0-3850DA42E04D}.Debug|x86.ActiveCfg = Debug|Win32
		{1A742B25-CD5A-43F2-BCF0-3850DA42E04D}.Debug|x86.Build.0 = Debug|Win32
		{1A742B25-CD5A-43F2-BCF0-3850DA42E04D}.Release|x64.ActiveCfg = Release|x64
		{1A742B25-CD5A-43F2-BCF0-3850DA42E04D}.Release|x64.Build.0 = Release|x64
		{1A742B25-CD5A-43F2-BCF0-3850DA42E04D}.Release|x86.ActiveCfg = Release|Win32
		{1A742B25-CD5A-43F2-BCF0-3850DA42E04D}.Release|x86.Build.0 = Release|Win32
	EndGlobalSection
	GlobalSection(SolutionProperties) = preSolution
		HideSolutionNode = FALSE
	EndGlobalSection
	GlobalSection(ExtensibilityGlobals) = postSolution
		SolutionGuid = {56044D9F-6F2D-42A3-9859-49F94D97F7C7}
	EndGlobalSection
EndGlobal
