
Microsoft Visual Studio Solution File, Format Version 12.00
# Visual Studio 15
VisualStudioVersion = 15.0.28307.438
MinimumVisualStudioVersion = 10.0.40219.1
Project("{8BC9CEB8-8B4A-11D0-8D11-00A0C91BC942}") = "singleton", "singleton\singleton.vcxproj", "{542F00B5-1810-4638-9790-4B8642018569}"
EndProject
Global
	GlobalSection(SolutionConfigurationPlatforms) = preSolution
		Debug|x64 = Debug|x64
		Debug|x86 = Debug|x86
		Release|x64 = Release|x64
		Release|x86 = Release|x86
	EndGlobalSection
	GlobalSection(ProjectConfigurationPlatforms) = postSolution
		{542F00B5-1810-4638-9790-4B8642018569}.Debug|x64.ActiveCfg = Debug|x64
		{542F00B5-1810-4638-9790-4B8642018569}.Debug|x64.Build.0 = Debug|x64
		{542F00B5-1810-4638-9790-4B8642018569}.Debug|x86.ActiveCfg = Debug|Win32
		{542F00B5-1810-4638-9790-4B8642018569}.Debug|x86.Build.0 = Debug|Win32
		{542F00B5-1810-4638-9790-4B8642018569}.Release|x64.ActiveCfg = Release|x64
		{542F00B5-1810-4638-9790-4B8642018569}.Release|x64.Build.0 = Release|x64
		{542F00B5-1810-4638-9790-4B8642018569}.Release|x86.ActiveCfg = Release|Win32
		{542F00B5-1810-4638-9790-4B8642018569}.Release|x86.Build.0 = Release|Win32
	EndGlobalSection
	GlobalSection(SolutionProperties) = preSolution
		HideSolutionNode = FALSE
	EndGlobalSection
	GlobalSection(ExtensibilityGlobals) = postSolution
		SolutionGuid = {9F380765-2021-412F-BDE0-6ADDD71344C2}
	EndGlobalSection
EndGlobal
